
Microsoft Visual Studio Solution File, Format Version 12.00
# Visual Studio Version 17
VisualStudioVersion = 17.0.31903.59
MinimumVisualStudioVersion = 10.0.40219.1
Project("{9A19103F-16F7-4668-BE54-9A1E7A4F7556}") = "TestAppMvc", "TestApp\TestAppMvc.csproj", "{EB721A4B-4C54-400A-B27C-FF3E34174F73}"
EndProject
Project("{9A19103F-16F7-4668-BE54-9A1E7A4F7556}") = "Benchmarks", "Benchmarks\Benchmarks.csproj", "{D9B29B33-A1ED-4134-BFBF-5EE718AAD004}"
EndProject
Project("{2150E333-8FDC-42A3-9474-1A3956D46DE8}") = "Docs", "Docs", "{4533E0D6-DB74-4FAA-BCE8-8ED2B684F103}"
	ProjectSection(SolutionItems) = preProject
		..\docs\Http.Csv.md = ..\docs\Http.Csv.md
		..\docs\Http.Excel.md = ..\docs\Http.Excel.md
		..\license.txt = ..\license.txt
		..\docs\Mvc.Csv.md = ..\docs\Mvc.Csv.md
		..\docs\Mvc.Excel.md = ..\docs\Mvc.Excel.md
		..\readme.md = ..\readme.md
	EndProjectSection
EndProject
Project("{2150E333-8FDC-42A3-9474-1A3956D46DE8}") = "Build", "Build", "{DFEE9D46-00C0-47D1-9AF5-8F24AE86B9F2}"
	ProjectSection(SolutionItems) = preProject
		..\.editorconfig = ..\.editorconfig
		..\.gitignore = ..\.gitignore
		..\Directory.Build.props = ..\Directory.Build.props
		..\Directory.Build.targets = ..\Directory.Build.targets
	EndProjectSection
EndProject
Project("{9A19103F-16F7-4668-BE54-9A1E7A4F7556}") = "Sylvan.AspNetCore.TagHelpers", "Sylvan.AspNetCore.TagHelpers\Sylvan.AspNetCore.TagHelpers.csproj", "{56A46F4A-F548-4A18-9A79-ED96EB32BD8C}"
EndProject
Project("{9A19103F-16F7-4668-BE54-9A1E7A4F7556}") = "TestAppMinimal", "MinimalAPITestApp\TestAppMinimal.csproj", "{8B8CE29B-9B05-4CA6-8586-8C63C8B2DB85}"
EndProject
Project("{9A19103F-16F7-4668-BE54-9A1E7A4F7556}") = "Sylvan.AspNetCore.Http.Csv", "Sylvan.AspNetCore.Http.Csv\Sylvan.AspNetCore.Http.Csv.csproj", "{33934206-2B26-4878-BD63-99AD09F4DC51}"
EndProject
Project("{9A19103F-16F7-4668-BE54-9A1E7A4F7556}") = "Sylvan.AspNetCore.Mvc.Csv", "Sylvan.AspNetCore.Mvc.Csv\Sylvan.AspNetCore.Mvc.Csv.csproj", "{92E2B257-C45F-476D-9CB4-A836935C54FA}"
EndProject
Project("{9A19103F-16F7-4668-BE54-9A1E7A4F7556}") = "Sylvan.AspNetCore.Http.Excel", "Sylvan.AspNetCore.Http.Excel\Sylvan.AspNetCore.Http.Excel.csproj", "{974790A6-EF75-44A2-B6FA-E78AC7768F20}"
EndProject
Project("{9A19103F-16F7-4668-BE54-9A1E7A4F7556}") = "Sylvan.AspNetCore.Mvc.Excel", "Sylvan.AspNetCore.Mvc.Excel\Sylvan.AspNetCore.Mvc.Excel.csproj", "{D5D66CD6-1B94-46E5-8AA0-7015F6CC4BA8}"
EndProject
Project("{9A19103F-16F7-4668-BE54-9A1E7A4F7556}") = "Sylvan.AspNetCore.Mvc.JsonData", "Sylvan.AspNetCore.Mvc.JsonData\Sylvan.AspNetCore.Mvc.JsonData.csproj", "{29F5B23F-50FB-4960-8E98-87F5FDC56045}"
EndProject
Global
	GlobalSection(SolutionConfigurationPlatforms) = preSolution
		Debug|Any CPU = Debug|Any CPU
		Debug|x64 = Debug|x64
		Debug|x86 = Debug|x86
		Release|Any CPU = Release|Any CPU
		Release|x64 = Release|x64
		Release|x86 = Release|x86
	EndGlobalSection
	GlobalSection(ProjectConfigurationPlatforms) = postSolution
		{EB721A4B-4C54-400A-B27C-FF3E34174F73}.Debug|Any CPU.ActiveCfg = Debug|Any CPU
		{EB721A4B-4C54-400A-B27C-FF3E34174F73}.Debug|Any CPU.Build.0 = Debug|Any CPU
		{EB721A4B-4C54-400A-B27C-FF3E34174F73}.Debug|x64.ActiveCfg = Debug|Any CPU
		{EB721A4B-4C54-400A-B27C-FF3E34174F73}.Debug|x64.Build.0 = Debug|Any CPU
		{EB721A4B-4C54-400A-B27C-FF3E34174F73}.Debug|x86.ActiveCfg = Debug|Any CPU
		{EB721A4B-4C54-400A-B27C-FF3E34174F73}.Debug|x86.Build.0 = Debug|Any CPU
		{EB721A4B-4C54-400A-B27C-FF3E34174F73}.Release|Any CPU.ActiveCfg = Release|Any CPU
		{EB721A4B-4C54-400A-B27C-FF3E34174F73}.Release|Any CPU.Build.0 = Release|Any CPU
		{EB721A4B-4C54-400A-B27C-FF3E34174F73}.Release|x64.ActiveCfg = Release|Any CPU
		{EB721A4B-4C54-400A-B27C-FF3E34174F73}.Release|x64.Build.0 = Release|Any CPU
		{EB721A4B-4C54-400A-B27C-FF3E34174F73}.Release|x86.ActiveCfg = Release|Any CPU
		{EB721A4B-4C54-400A-B27C-FF3E34174F73}.Release|x86.Build.0 = Release|Any CPU
		{D9B29B33-A1ED-4134-BFBF-5EE718AAD004}.Debug|Any CPU.ActiveCfg = Debug|Any CPU
		{D9B29B33-A1ED-4134-BFBF-5EE718AAD004}.Debug|Any CPU.Build.0 = Debug|Any CPU
		{D9B29B33-A1ED-4134-BFBF-5EE718AAD004}.Debug|x64.ActiveCfg = Debug|Any CPU
		{D9B29B33-A1ED-4134-BFBF-5EE718AAD004}.Debug|x64.Build.0 = Debug|Any CPU
		{D9B29B33-A1ED-4134-BFBF-5EE718AAD004}.Debug|x86.ActiveCfg = Debug|Any CPU
		{D9B29B33-A1ED-4134-BFBF-5EE718AAD004}.Debug|x86.Build.0 = Debug|Any CPU
		{D9B29B33-A1ED-4134-BFBF-5EE718AAD004}.Release|Any CPU.ActiveCfg = Release|Any CPU
		{D9B29B33-A1ED-4134-BFBF-5EE718AAD004}.Release|Any CPU.Build.0 = Release|Any CPU
		{D9B29B33-A1ED-4134-BFBF-5EE718AAD004}.Release|x64.ActiveCfg = Release|Any CPU
		{D9B29B33-A1ED-4134-BFBF-5EE718AAD004}.Release|x64.Build.0 = Release|Any CPU
		{D9B29B33-A1ED-4134-BFBF-5EE718AAD004}.Release|x86.ActiveCfg = Release|Any CPU
		{D9B29B33-A1ED-4134-BFBF-5EE718AAD004}.Release|x86.Build.0 = Release|Any CPU
		{56A46F4A-F548-4A18-9A79-ED96EB32BD8C}.Debug|Any CPU.ActiveCfg = Debug|Any CPU
		{56A46F4A-F548-4A18-9A79-ED96EB32BD8C}.Debug|Any CPU.Build.0 = Debug|Any CPU
		{56A46F4A-F548-4A18-9A79-ED96EB32BD8C}.Debug|x64.ActiveCfg = Debug|Any CPU
		{56A46F4A-F548-4A18-9A79-ED96EB32BD8C}.Debug|x64.Build.0 = Debug|Any CPU
		{56A46F4A-F548-4A18-9A79-ED96EB32BD8C}.Debug|x86.ActiveCfg = Debug|Any CPU
		{56A46F4A-F548-4A18-9A79-ED96EB32BD8C}.Debug|x86.Build.0 = Debug|Any CPU
		{56A46F4A-F548-4A18-9A79-ED96EB32BD8C}.Release|Any CPU.ActiveCfg = Release|Any CPU
		{56A46F4A-F548-4A18-9A79-ED96EB32BD8C}.Release|Any CPU.Build.0 = Release|Any CPU
		{56A46F4A-F548-4A18-9A79-ED96EB32BD8C}.Release|x64.ActiveCfg = Release|Any CPU
		{56A46F4A-F548-4A18-9A79-ED96EB32BD8C}.Release|x64.Build.0 = Release|Any CPU
		{56A46F4A-F548-4A18-9A79-ED96EB32BD8C}.Release|x86.ActiveCfg = Release|Any CPU
		{56A46F4A-F548-4A18-9A79-ED96EB32BD8C}.Release|x86.Build.0 = Release|Any CPU
		{8B8CE29B-9B05-4CA6-8586-8C63C8B2DB85}.Debug|Any CPU.ActiveCfg = Debug|Any CPU
		{8B8CE29B-9B05-4CA6-8586-8C63C8B2DB85}.Debug|Any CPU.Build.0 = Debug|Any CPU
		{8B8CE29B-9B05-4CA6-8586-8C63C8B2DB85}.Debug|x64.ActiveCfg = Debug|Any CPU
		{8B8CE29B-9B05-4CA6-8586-8C63C8B2DB85}.Debug|x64.Build.0 = Debug|Any CPU
		{8B8CE29B-9B05-4CA6-8586-8C63C8B2DB85}.Debug|x86.ActiveCfg = Debug|Any CPU
		{8B8CE29B-9B05-4CA6-8586-8C63C8B2DB85}.Debug|x86.Build.0 = Debug|Any CPU
		{8B8CE29B-9B05-4CA6-8586-8C63C8B2DB85}.Release|Any CPU.ActiveCfg = Release|Any CPU
		{8B8CE29B-9B05-4CA6-8586-8C63C8B2DB85}.Release|Any CPU.Build.0 = Release|Any CPU
		{8B8CE29B-9B05-4CA6-8586-8C63C8B2DB85}.Release|x64.ActiveCfg = Release|Any CPU
		{8B8CE29B-9B05-4CA6-8586-8C63C8B2DB85}.Release|x64.Build.0 = Release|Any CPU
		{8B8CE29B-9B05-4CA6-8586-8C63C8B2DB85}.Release|x86.ActiveCfg = Release|Any CPU
		{8B8CE29B-9B05-4CA6-8586-8C63C8B2DB85}.Release|x86.Build.0 = Release|Any CPU
		{33934206-2B26-4878-BD63-99AD09F4DC51}.Debug|Any CPU.ActiveCfg = Debug|Any CPU
		{33934206-2B26-4878-BD63-99AD09F4DC51}.Debug|Any CPU.Build.0 = Debug|Any CPU
		{33934206-2B26-4878-BD63-99AD09F4DC51}.Debug|x64.ActiveCfg = Debug|Any CPU
		{33934206-2B26-4878-BD63-99AD09F4DC51}.Debug|x64.Build.0 = Debug|Any CPU
		{33934206-2B26-4878-BD63-99AD09F4DC51}.Debug|x86.ActiveCfg = Debug|Any CPU
		{33934206-2B26-4878-BD63-99AD09F4DC51}.Debug|x86.Build.0 = Debug|Any CPU
		{33934206-2B26-4878-BD63-99AD09F4DC51}.Release|Any CPU.ActiveCfg = Release|Any CPU
		{33934206-2B26-4878-BD63-99AD09F4DC51}.Release|Any CPU.Build.0 = Release|Any CPU
		{33934206-2B26-4878-BD63-99AD09F4DC51}.Release|x64.ActiveCfg = Release|Any CPU
		{33934206-2B26-4878-BD63-99AD09F4DC51}.Release|x64.Build.0 = Release|Any CPU
		{33934206-2B26-4878-BD63-99AD09F4DC51}.Release|x86.ActiveCfg = Release|Any CPU
		{33934206-2B26-4878-BD63-99AD09F4DC51}.Release|x86.Build.0 = Release|Any CPU
		{92E2B257-C45F-476D-9CB4-A836935C54FA}.Debug|Any CPU.ActiveCfg = Debug|Any CPU
		{92E2B257-C45F-476D-9CB4-A836935C54FA}.Debug|Any CPU.Build.0 = Debug|Any CPU
		{92E2B257-C45F-476D-9CB4-A836935C54FA}.Debug|x64.ActiveCfg = Debug|Any CPU
		{92E2B257-C45F-476D-9CB4-A836935C54FA}.Debug|x64.Build.0 = Debug|Any CPU
		{92E2B257-C45F-476D-9CB4-A836935C54FA}.Debug|x86.ActiveCfg = Debug|Any CPU
		{92E2B257-C45F-476D-9CB4-A836935C54FA}.Debug|x86.Build.0 = Debug|Any CPU
		{92E2B257-C45F-476D-9CB4-A836935C54FA}.Release|Any CPU.ActiveCfg = Release|Any CPU
		{92E2B257-C45F-476D-9CB4-A836935C54FA}.Release|Any CPU.Build.0 = Release|Any CPU
		{92E2B257-C45F-476D-9CB4-A836935C54FA}.Release|x64.ActiveCfg = Release|Any CPU
		{92E2B257-C45F-476D-9CB4-A836935C54FA}.Release|x64.Build.0 = Release|Any CPU
		{92E2B257-C45F-476D-9CB4-A836935C54FA}.Release|x86.ActiveCfg = Release|Any CPU
		{92E2B257-C45F-476D-9CB4-A836935C54FA}.Release|x86.Build.0 = Release|Any CPU
		{974790A6-EF75-44A2-B6FA-E78AC7768F20}.Debug|Any CPU.ActiveCfg = Debug|Any CPU
		{974790A6-EF75-44A2-B6FA-E78AC7768F20}.Debug|Any CPU.Build.0 = Debug|Any CPU
		{974790A6-EF75-44A2-B6FA-E78AC7768F20}.Debug|x64.ActiveCfg = Debug|Any CPU
		{974790A6-EF75-44A2-B6FA-E78AC7768F20}.Debug|x64.Build.0 = Debug|Any CPU
		{974790A6-EF75-44A2-B6FA-E78AC7768F20}.Debug|x86.ActiveCfg = Debug|Any CPU
		{974790A6-EF75-44A2-B6FA-E78AC7768F20}.Debug|x86.Build.0 = Debug|Any CPU
		{974790A6-EF75-44A2-B6FA-E78AC7768F20}.Release|Any CPU.ActiveCfg = Release|Any CPU
		{974790A6-EF75-44A2-B6FA-E78AC7768F20}.Release|Any CPU.Build.0 = Release|Any CPU
		{974790A6-EF75-44A2-B6FA-E78AC7768F20}.Release|x64.ActiveCfg = Release|Any CPU
		{974790A6-EF75-44A2-B6FA-E78AC7768F20}.Release|x64.Build.0 = Release|Any CPU
		{974790A6-EF75-44A2-B6FA-E78AC7768F20}.Release|x86.ActiveCfg = Release|Any CPU
		{974790A6-EF75-44A2-B6FA-E78AC7768F20}.Release|x86.Build.0 = Release|Any CPU
		{D5D66CD6-1B94-46E5-8AA0-7015F6CC4BA8}.Debug|Any CPU.ActiveCfg = Debug|Any CPU
		{D5D66CD6-1B94-46E5-8AA0-7015F6CC4BA8}.Debug|Any CPU.Build.0 = Debug|Any CPU
		{D5D66CD6-1B94-46E5-8AA0-7015F6CC4BA8}.Debug|x64.ActiveCfg = Debug|Any CPU
		{D5D66CD6-1B94-46E5-8AA0-7015F6CC4BA8}.Debug|x64.Build.0 = Debug|Any CPU
		{D5D66CD6-1B94-46E5-8AA0-7015F6CC4BA8}.Debug|x86.ActiveCfg = Debug|Any CPU
		{D5D66CD6-1B94-46E5-8AA0-7015F6CC4BA8}.Debug|x86.Build.0 = Debug|Any CPU
		{D5D66CD6-1B94-46E5-8AA0-7015F6CC4BA8}.Release|Any CPU.ActiveCfg = Release|Any CPU
		{D5D66CD6-1B94-46E5-8AA0-7015F6CC4BA8}.Release|Any CPU.Build.0 = Release|Any CPU
		{D5D66CD6-1B94-46E5-8AA0-7015F6CC4BA8}.Release|x64.ActiveCfg = Release|Any CPU
		{D5D66CD6-1B94-46E5-8AA0-7015F6CC4BA8}.Release|x64.Build.0 = Release|Any CPU
		{D5D66CD6-1B94-46E5-8AA0-7015F6CC4BA8}.Release|x86.ActiveCfg = Release|Any CPU
		{D5D66CD6-1B94-46E5-8AA0-7015F6CC4BA8}.Release|x86.Build.0 = Release|Any CPU
		{29F5B23F-50FB-4960-8E98-87F5FDC56045}.Debug|Any CPU.ActiveCfg = Debug|Any CPU
		{29F5B23F-50FB-4960-8E98-87F5FDC56045}.Debug|Any CPU.Build.0 = Debug|Any CPU
		{29F5B23F-50FB-4960-8E98-87F5FDC56045}.Debug|x64.ActiveCfg = Debug|Any CPU
		{29F5B23F-50FB-4960-8E98-87F5FDC56045}.Debug|x64.Build.0 = Debug|Any CPU
		{29F5B23F-50FB-4960-8E98-87F5FDC56045}.Debug|x86.ActiveCfg = Debug|Any CPU
		{29F5B23F-50FB-4960-8E98-87F5FDC56045}.Debug|x86.Build.0 = Debug|Any CPU
		{29F5B23F-50FB-4960-8E98-87F5FDC56045}.Release|Any CPU.ActiveCfg = Release|Any CPU
		{29F5B23F-50FB-4960-8E98-87F5FDC56045}.Release|Any CPU.Build.0 = Release|Any CPU
		{29F5B23F-50FB-4960-8E98-87F5FDC56045}.Release|x64.ActiveCfg = Release|Any CPU
		{29F5B23F-50FB-4960-8E98-87F5FDC56045}.Release|x64.Build.0 = Release|Any CPU
		{29F5B23F-50FB-4960-8E98-87F5FDC56045}.Release|x86.ActiveCfg = Release|Any CPU
		{29F5B23F-50FB-4960-8E98-87F5FDC56045}.Release|x86.Build.0 = Release|Any CPU
	EndGlobalSection
	GlobalSection(SolutionProperties) = preSolution
		HideSolutionNode = FALSE
	EndGlobalSection
	GlobalSection(ExtensibilityGlobals) = postSolution
		SolutionGuid = {E3E70A34-1721-4F27-8036-1E89FB7DC7CD}
	EndGlobalSection
EndGlobal
